
Microsoft Visual Studio Solution File, Format Version 12.00
Project("{FAE04EC0-301F-11D3-BF4B-00C04F79EFBC}") = "Chat.UI", "Client\UI\Chat.UI.csproj", "{497E70EA-06E8-41CC-BE6D-5D4C04221C6E}"
EndProject
Project("{FAE04EC0-301F-11D3-BF4B-00C04F79EFBC}") = "Chat.Domain", "Client\Domain\Chat.Domain.csproj", "{491816A6-A70B-425A-AC8C-574FEEAC7E16}"
EndProject
Project("{FAE04EC0-301F-11D3-BF4B-00C04F79EFBC}") = "Chat.Infrastructure", "Client\Infrastructure\Chat.Infrastructure.csproj", "{B6A23F7F-C74E-492D-A422-0B58E06EB240}"
EndProject
Global
	GlobalSection(SolutionConfigurationPlatforms) = preSolution
		Debug|Any CPU = Debug|Any CPU
		Release|Any CPU = Release|Any CPU
	EndGlobalSection
	GlobalSection(ProjectConfigurationPlatforms) = postSolution
		{497E70EA-06E8-41CC-BE6D-5D4C04221C6E}.Debug|Any CPU.ActiveCfg = Debug|Any CPU
		{497E70EA-06E8-41CC-BE6D-5D4C04221C6E}.Debug|Any CPU.Build.0 = Debug|Any CPU
		{497E70EA-06E8-41CC-BE6D-5D4C04221C6E}.Release|Any CPU.ActiveCfg = Release|Any CPU
		{497E70EA-06E8-41CC-BE6D-5D4C04221C6E}.Release|Any CPU.Build.0 = Release|Any CPU
		{491816A6-A70B-425A-AC8C-574FEEAC7E16}.Debug|Any CPU.ActiveCfg = Debug|Any CPU
		{491816A6-A70B-425A-AC8C-574FEEAC7E16}.Debug|Any CPU.Build.0 = Debug|Any CPU
		{491816A6-A70B-425A-AC8C-574FEEAC7E16}.Release|Any CPU.ActiveCfg = Release|Any CPU
		{491816A6-A70B-425A-AC8C-574FEEAC7E16}.Release|Any CPU.Build.0 = Release|Any CPU
		{B6A23F7F-C74E-492D-A422-0B58E06EB240}.Debug|Any CPU.ActiveCfg = Debug|Any CPU
		{B6A23F7F-C74E-492D-A422-0B58E06EB240}.Debug|Any CPU.Build.0 = Debug|Any CPU
		{B6A23F7F-C74E-492D-A422-0B58E06EB240}.Release|Any CPU.ActiveCfg = Release|Any CPU
		{B6A23F7F-C74E-492D-A422-0B58E06EB240}.Release|Any CPU.Build.0 = Release|Any CPU
	EndGlobalSection
EndGlobal
