
Microsoft Visual Studio Solution File, Format Version 12.00
# Visual Studio Version 16
VisualStudioVersion = 25.0.1704.0
MinimumVisualStudioVersion = 10.0.40219.1
Project("{FAE04EC0-301F-11D3-BF4B-00C04F79EFBC}") = "chatmana", "chatmana\chatmana.csproj", "{F6D50216-CB4C-4539-9075-CE1659E53F20}"
EndProject
Project("{FAE04EC0-301F-11D3-BF4B-00C04F79EFBC}") = "ServerTests", "ServerTests\ServerTests.csproj", "{42CBC238-14F3-40D3-A437-86043506BC51}"
EndProject
Global
	GlobalSection(SolutionConfigurationPlatforms) = preSolution
		Debug|Any CPU = Debug|Any CPU
		Release|Any CPU = Release|Any CPU
	EndGlobalSection
	GlobalSection(ProjectConfigurationPlatforms) = postSolution
		{F6D50216-CB4C-4539-9075-CE1659E53F20}.Debug|Any CPU.ActiveCfg = Debug|Any CPU
		{F6D50216-CB4C-4539-9075-CE1659E53F20}.Debug|Any CPU.Build.0 = Debug|Any CPU
		{F6D50216-CB4C-4539-9075-CE1659E53F20}.Release|Any CPU.ActiveCfg = Release|Any CPU
		{F6D50216-CB4C-4539-9075-CE1659E53F20}.Release|Any CPU.Build.0 = Release|Any CPU
		{42CBC238-14F3-40D3-A437-86043506BC51}.Debug|Any CPU.ActiveCfg = Debug|Any CPU
		{42CBC238-14F3-40D3-A437-86043506BC51}.Debug|Any CPU.Build.0 = Debug|Any CPU
		{42CBC238-14F3-40D3-A437-86043506BC51}.Release|Any CPU.ActiveCfg = Release|Any CPU
		{42CBC238-14F3-40D3-A437-86043506BC51}.Release|Any CPU.Build.0 = Release|Any CPU
	EndGlobalSection
	GlobalSection(SolutionProperties) = preSolution
		HideSolutionNode = FALSE
	EndGlobalSection
	GlobalSection(ExtensibilityGlobals) = postSolution
		SolutionGuid = {9F933A38-2D35-4049-BF93-92DBB25F6EEC}
	EndGlobalSection
EndGlobal
