
Microsoft Visual Studio Solution File, Format Version 12.00
Project("{FAE04EC0-301F-11D3-BF4B-00C04F79EFBC}") = "ChatClient", "ChatClient\ChatClient.csproj", "{8CCA909D-7C6B-45B3-B859-4C45E7837E95}"
EndProject
Global
	GlobalSection(SolutionConfigurationPlatforms) = preSolution
		Debug|Any CPU = Debug|Any CPU
		Release|Any CPU = Release|Any CPU
	EndGlobalSection
	GlobalSection(ProjectConfigurationPlatforms) = postSolution
		{8CCA909D-7C6B-45B3-B859-4C45E7837E95}.Debug|Any CPU.ActiveCfg = Debug|Any CPU
		{8CCA909D-7C6B-45B3-B859-4C45E7837E95}.Debug|Any CPU.Build.0 = Debug|Any CPU
		{8CCA909D-7C6B-45B3-B859-4C45E7837E95}.Release|Any CPU.ActiveCfg = Release|Any CPU
		{8CCA909D-7C6B-45B3-B859-4C45E7837E95}.Release|Any CPU.Build.0 = Release|Any CPU
	EndGlobalSection
EndGlobal
