
Microsoft Visual Studio Solution File, Format Version 12.00
Project("{FAE04EC0-301F-11D3-BF4B-00C04F79EFBC}") = "Chat.Infrastructure", "Chat.Infrastructure.csproj", "{1A2936E4-00C1-4E1E-B931-19C3A991D692}"
EndProject
Global
	GlobalSection(SolutionConfigurationPlatforms) = preSolution
		Debug|Any CPU = Debug|Any CPU
		Release|Any CPU = Release|Any CPU
	EndGlobalSection
	GlobalSection(ProjectConfigurationPlatforms) = postSolution
		{1A2936E4-00C1-4E1E-B931-19C3A991D692}.Debug|Any CPU.ActiveCfg = Debug|Any CPU
		{1A2936E4-00C1-4E1E-B931-19C3A991D692}.Debug|Any CPU.Build.0 = Debug|Any CPU
		{1A2936E4-00C1-4E1E-B931-19C3A991D692}.Release|Any CPU.ActiveCfg = Release|Any CPU
		{1A2936E4-00C1-4E1E-B931-19C3A991D692}.Release|Any CPU.Build.0 = Release|Any CPU
	EndGlobalSection
EndGlobal
