
Microsoft Visual Studio Solution File, Format Version 12.00
Project("{FAE04EC0-301F-11D3-BF4B-00C04F79EFBC}") = "ChatServer", "ChatServer.csproj", "{0B371B39-F2C5-4DDD-B695-4FA91C2D8CCE}"
EndProject
Global
	GlobalSection(SolutionConfigurationPlatforms) = preSolution
		Debug|Any CPU = Debug|Any CPU
		Release|Any CPU = Release|Any CPU
	EndGlobalSection
	GlobalSection(ProjectConfigurationPlatforms) = postSolution
		{0B371B39-F2C5-4DDD-B695-4FA91C2D8CCE}.Debug|Any CPU.ActiveCfg = Debug|Any CPU
		{0B371B39-F2C5-4DDD-B695-4FA91C2D8CCE}.Debug|Any CPU.Build.0 = Debug|Any CPU
		{0B371B39-F2C5-4DDD-B695-4FA91C2D8CCE}.Release|Any CPU.ActiveCfg = Release|Any CPU
		{0B371B39-F2C5-4DDD-B695-4FA91C2D8CCE}.Release|Any CPU.Build.0 = Release|Any CPU
	EndGlobalSection
EndGlobal
